
Microsoft Visual Studio Solution File, Format Version 12.00
# Visual Studio Version 17
VisualStudioVersion = 17.6.33829.357
MinimumVisualStudioVersion = 10.0.40219.1
Project("{FAE04EC0-301F-11D3-BF4B-00C04F79EFBC}") = "FileConcept", "FileConcept.csproj", "{183BA1AD-45F6-4E8B-9BAC-6DC28462525E}"
EndProject
Global
	GlobalSection(SolutionConfigurationPlatforms) = preSolution
		Debug|Any CPU = Debug|Any CPU
		Release|Any CPU = Release|Any CPU
	EndGlobalSection
	GlobalSection(ProjectConfigurationPlatforms) = postSolution
		{183BA1AD-45F6-4E8B-9BAC-6DC28462525E}.Debug|Any CPU.ActiveCfg = Debug|Any CPU
		{183BA1AD-45F6-4E8B-9BAC-6DC28462525E}.Debug|Any CPU.Build.0 = Debug|Any CPU
		{183BA1AD-45F6-4E8B-9BAC-6DC28462525E}.Release|Any CPU.ActiveCfg = Release|Any CPU
		{183BA1AD-45F6-4E8B-9BAC-6DC28462525E}.Release|Any CPU.Build.0 = Release|Any CPU
	EndGlobalSection
	GlobalSection(SolutionProperties) = preSolution
		HideSolutionNode = FALSE
	EndGlobalSection
	GlobalSection(ExtensibilityGlobals) = postSolution
		SolutionGuid = {41FE1797-B994-46C0-B437-203DEF88EDAF}
	EndGlobalSection
EndGlobal
